PODS:
  - Alamofire (5.0.0-rc.2)
  - IQKeyboardManagerSwift (6.5.1)

DEPENDENCIES:
  - Alamofire (~> 5.0.0-rc.2)
  - IQKeyboardManagerSwift

SPEC REPOS:
  trunk:
    - Alamofire
    - IQKeyboardManagerSwift

SPEC CHECKSUMS:
  Alamofire: f9450d3c7f6bea2ad62e7a541c3e9b186c7991d6
  IQKeyboardManagerSwift: 9ac7524fad9f9fe9a3b98c927e7772471ca546d2

PODFILE CHECKSUM: d0a5928dad3f6bb08905575d2d09405c20c1dd88

COCOAPODS: 1.8.3
